
Microsoft Visual Studio Solution File, Format Version 12.00
# Visual Studio Version 16
VisualStudioVersion = 16.0.34729.46
MinimumVisualStudioVersion = 10.0.40219.1
Project("{FAE04EC0-301F-11D3-BF4B-00C04F79EFBC}") = "WcfService1", "WcfService1\WcfService1.csproj", "{C802A9D0-D5B9-4F64-9F88-CC07303E9F6A}"
EndProject
Project("{FAE04EC0-301F-11D3-BF4B-00C04F79EFBC}") = "RatesConsole", "KurlarKonsol\RatesConsole.csproj", "{5A7DFFEF-356F-4930-BF3A-5907B612C40D}"
EndProject
Global
	GlobalSection(SolutionConfigurationPlatforms) = preSolution
		Debug|Any CPU = Debug|Any CPU
		Release|Any CPU = Release|Any CPU
	EndGlobalSection
	GlobalSection(ProjectConfigurationPlatforms) = postSolution
		{C802A9D0-D5B9-4F64-9F88-CC07303E9F6A}.Debug|Any CPU.ActiveCfg = Debug|Any CPU
		{C802A9D0-D5B9-4F64-9F88-CC07303E9F6A}.Debug|Any CPU.Build.0 = Debug|Any CPU
		{C802A9D0-D5B9-4F64-9F88-CC07303E9F6A}.Release|Any CPU.ActiveCfg = Release|Any CPU
		{C802A9D0-D5B9-4F64-9F88-CC07303E9F6A}.Release|Any CPU.Build.0 = Release|Any CPU
		{5A7DFFEF-356F-4930-BF3A-5907B612C40D}.Debug|Any CPU.ActiveCfg = Debug|Any CPU
		{5A7DFFEF-356F-4930-BF3A-5907B612C40D}.Debug|Any CPU.Build.0 = Debug|Any CPU
		{5A7DFFEF-356F-4930-BF3A-5907B612C40D}.Release|Any CPU.ActiveCfg = Release|Any CPU
		{5A7DFFEF-356F-4930-BF3A-5907B612C40D}.Release|Any CPU.Build.0 = Release|Any CPU
	EndGlobalSection
	GlobalSection(SolutionProperties) = preSolution
		HideSolutionNode = FALSE
	EndGlobalSection
	GlobalSection(ExtensibilityGlobals) = postSolution
		SolutionGuid = {A154A303-7D82-4E1D-9466-DA4DA8411068}
	EndGlobalSection
EndGlobal
